
Microsoft Visual Studio Solution File, Format Version 12.00
# Visual Studio Version 17
VisualStudioVersion = 17.2.32519.379
MinimumVisualStudioVersion = 10.0.40219.1
Project("{FAE04EC0-301F-11D3-BF4B-00C04F79EFBC}") = "pryNeptuno", "pryNeptuno\pryNeptuno.csproj", "{4E52DC6F-B938-4C8F-95AE-749120A98949}"
EndProject
Global
	GlobalSection(SolutionConfigurationPlatforms) = preSolution
		Debug|Any CPU = Debug|Any CPU
		Release|Any CPU = Release|Any CPU
	EndGlobalSection
	GlobalSection(ProjectConfigurationPlatforms) = postSolution
		{4E52DC6F-B938-4C8F-95AE-749120A98949}.Debug|Any CPU.ActiveCfg = Debug|Any CPU
		{4E52DC6F-B938-4C8F-95AE-749120A98949}.Debug|Any CPU.Build.0 = Debug|Any CPU
		{4E52DC6F-B938-4C8F-95AE-749120A98949}.Release|Any CPU.ActiveCfg = Release|Any CPU
		{4E52DC6F-B938-4C8F-95AE-749120A98949}.Release|Any CPU.Build.0 = Release|Any CPU
	EndGlobalSection
	GlobalSection(SolutionProperties) = preSolution
		HideSolutionNode = FALSE
	EndGlobalSection
	GlobalSection(ExtensibilityGlobals) = postSolution
		SolutionGuid = {EDB95DCD-06CD-47EF-AF37-4213EC75CE53}
	EndGlobalSection
EndGlobal
